
Microsoft Visual Studio Solution File, Format Version 12.00
# Visual Studio Version 17
VisualStudioVersion = 17.10.34916.146
MinimumVisualStudioVersion = 10.0.40219.1
Project("{FAE04EC0-301F-11D3-BF4B-00C04F79EFBC}") = "JoKenPo", "WindowsFormsApp1\JoKenPo.csproj", "{9DFE64D2-A327-4CE0-A64D-4D2596249B41}"
EndProject
Global
	GlobalSection(SolutionConfigurationPlatforms) = preSolution
		Debug|Any CPU = Debug|Any CPU
		Release|Any CPU = Release|Any CPU
	EndGlobalSection
	GlobalSection(ProjectConfigurationPlatforms) = postSolution
		{9DFE64D2-A327-4CE0-A64D-4D2596249B41}.Debug|Any CPU.ActiveCfg = Debug|Any CPU
		{9DFE64D2-A327-4CE0-A64D-4D2596249B41}.Debug|Any CPU.Build.0 = Debug|Any CPU
		{9DFE64D2-A327-4CE0-A64D-4D2596249B41}.Release|Any CPU.ActiveCfg = Release|Any CPU
		{9DFE64D2-A327-4CE0-A64D-4D2596249B41}.Release|Any CPU.Build.0 = Release|Any CPU
	EndGlobalSection
	GlobalSection(SolutionProperties) = preSolution
		HideSolutionNode = FALSE
	EndGlobalSection
	GlobalSection(ExtensibilityGlobals) = postSolution
		SolutionGuid = {023D712E-0AD1-4B93-A442-5C816B77B6BB}
	EndGlobalSection
EndGlobal
